
Microsoft Visual Studio Solution File, Format Version 12.00
# Visual Studio 15
VisualStudioVersion = 15.0.28307.1340
MinimumVisualStudioVersion = 10.0.40219.1
Project("{8BC9CEB8-8B4A-11D0-8D11-00A0C91BC942}") = "radix_sort", "radix_sort\radix_sort.vcxproj", "{A9B972A7-FC86-43D1-B34A-CD4B180C728A}"
EndProject
Global
	GlobalSection(SolutionConfigurationPlatforms) = preSolution
		Debug|x64 = Debug|x64
		Debug|x86 = Debug|x86
		Release|x64 = Release|x64
		Release|x86 = Release|x86
	EndGlobalSection
	GlobalSection(ProjectConfigurationPlatforms) = postSolution
		{A9B972A7-FC86-43D1-B34A-CD4B180C728A}.Debug|x64.ActiveCfg = Debug|x64
		{A9B972A7-FC86-43D1-B34A-CD4B180C728A}.Debug|x64.Build.0 = Debug|x64
		{A9B972A7-FC86-43D1-B34A-CD4B180C728A}.Debug|x86.ActiveCfg = Debug|Win32
		{A9B972A7-FC86-43D1-B34A-CD4B180C728A}.Debug|x86.Build.0 = Debug|Win32
		{A9B972A7-FC86-43D1-B34A-CD4B180C728A}.Release|x64.ActiveCfg = Release|x64
		{A9B972A7-FC86-43D1-B34A-CD4B180C728A}.Release|x64.Build.0 = Release|x64
		{A9B972A7-FC86-43D1-B34A-CD4B180C728A}.Release|x86.ActiveCfg = Release|Win32
		{A9B972A7-FC86-43D1-B34A-CD4B180C728A}.Release|x86.Build.0 = Release|Win32
	EndGlobalSection
	GlobalSection(SolutionProperties) = preSolution
		HideSolutionNode = FALSE
	EndGlobalSection
	GlobalSection(ExtensibilityGlobals) = postSolution
		SolutionGuid = {0A97C455-BDD8-4B30-9781-739B6B37A65F}
	EndGlobalSection
EndGlobal
